
Microsoft Visual Studio Solution File, Format Version 12.00
# Visual Studio Version 16
VisualStudioVersion = 16.0.30907.101
MinimumVisualStudioVersion = 10.0.40219.1
Project("{9A19103F-16F7-4668-BE54-9A1E7A4F7556}") = "AlbumForU", "AlbumForU\AlbumForU.csproj", "{C9E9CACB-2692-4638-84CF-61C65C25FD06}"
EndProject
Project("{9A19103F-16F7-4668-BE54-9A1E7A4F7556}") = "ServerLayer", "ServerLayer\ServerLayer.csproj", "{13195B81-9198-4669-A22C-CF3A23759F88}"
EndProject
Project("{FAE04EC0-301F-11D3-BF4B-00C04F79EFBC}") = "BusinessLogic", "BusinessLogic\BusinessLogic.csproj", "{0EDE7878-EEC4-4598-AEE9-41F6106540F7}"
EndProject
Global
	GlobalSection(SolutionConfigurationPlatforms) = preSolution
		Debug|Any CPU = Debug|Any CPU
		Release|Any CPU = Release|Any CPU
	EndGlobalSection
	GlobalSection(ProjectConfigurationPlatforms) = postSolution
		{C9E9CACB-2692-4638-84CF-61C65C25FD06}.Debug|Any CPU.ActiveCfg = Debug|Any CPU
		{C9E9CACB-2692-4638-84CF-61C65C25FD06}.Debug|Any CPU.Build.0 = Debug|Any CPU
		{C9E9CACB-2692-4638-84CF-61C65C25FD06}.Release|Any CPU.ActiveCfg = Release|Any CPU
		{C9E9CACB-2692-4638-84CF-61C65C25FD06}.Release|Any CPU.Build.0 = Release|Any CPU
		{13195B81-9198-4669-A22C-CF3A23759F88}.Debug|Any CPU.ActiveCfg = Debug|Any CPU
		{13195B81-9198-4669-A22C-CF3A23759F88}.Debug|Any CPU.Build.0 = Debug|Any CPU
		{13195B81-9198-4669-A22C-CF3A23759F88}.Release|Any CPU.ActiveCfg = Release|Any CPU
		{13195B81-9198-4669-A22C-CF3A23759F88}.Release|Any CPU.Build.0 = Release|Any CPU
		{0EDE7878-EEC4-4598-AEE9-41F6106540F7}.Debug|Any CPU.ActiveCfg = Debug|Any CPU
		{0EDE7878-EEC4-4598-AEE9-41F6106540F7}.Debug|Any CPU.Build.0 = Debug|Any CPU
		{0EDE7878-EEC4-4598-AEE9-41F6106540F7}.Release|Any CPU.ActiveCfg = Release|Any CPU
		{0EDE7878-EEC4-4598-AEE9-41F6106540F7}.Release|Any CPU.Build.0 = Release|Any CPU
	EndGlobalSection
	GlobalSection(SolutionProperties) = preSolution
		HideSolutionNode = FALSE
	EndGlobalSection
	GlobalSection(ExtensibilityGlobals) = postSolution
		SolutionGuid = {76600A45-49C9-4821-B733-B1B0EC6774BB}
	EndGlobalSection
EndGlobal
